<?xml version="1.0" encoding="utf-8"?>
<Project ToolsVersion="17.0" xmlns="http://schemas.microsoft.com/developer/msbuild/2003">
  <ItemGroup>
    <ClCompile Include="C:\R\VSPER-SIM\examples\example_organic_inorganic_synthesis.cpp">
      <Filter>Source Files</Filter>
    </ClCompile>
  </ItemGroup>
  <ItemGroup>
    <CustomBuild Include="C:\R\VSPER-SIM\CMakeLists.txt" />
  </ItemGroup>
  <ItemGroup>
    <Filter Include="Source Files">
      <UniqueIdentifier>{8AF858AB-C8DD-3BD7-AB1A-C86794FD6ECB}</UniqueIdentifier>
    </Filter>
  </ItemGroup>
</Project>
